
Microsoft Visual Studio Solution File, Format Version 12.00
# Visual Studio Version 17
VisualStudioVersion = 17.13.35919.96 d17.13
MinimumVisualStudioVersion = 10.0.40219.1
Project("{FAE04EC0-301F-11D3-BF4B-00C04F79EFBC}") = "Hangman", "Hangman\Hangman.csproj", "{F991C7DA-87BC-4A2B-BB63-F05AC2B573D2}"
EndProject
Global
	GlobalSection(SolutionConfigurationPlatforms) = preSolution
		Debug|Any CPU = Debug|Any CPU
		Release|Any CPU = Release|Any CPU
	EndGlobalSection
	GlobalSection(ProjectConfigurationPlatforms) = postSolution
		{F991C7DA-87BC-4A2B-BB63-F05AC2B573D2}.Debug|Any CPU.ActiveCfg = Debug|Any CPU
		{F991C7DA-87BC-4A2B-BB63-F05AC2B573D2}.Debug|Any CPU.Build.0 = Debug|Any CPU
		{F991C7DA-87BC-4A2B-BB63-F05AC2B573D2}.Release|Any CPU.ActiveCfg = Release|Any CPU
		{F991C7DA-87BC-4A2B-BB63-F05AC2B573D2}.Release|Any CPU.Build.0 = Release|Any CPU
	EndGlobalSection
	GlobalSection(SolutionProperties) = preSolution
		HideSolutionNode = FALSE
	EndGlobalSection
	GlobalSection(ExtensibilityGlobals) = postSolution
		SolutionGuid = {B0C5F9EF-5362-48FD-9369-BB3794E50FC9}
	EndGlobalSection
EndGlobal
